
Microsoft Visual Studio Solution File, Format Version 11.00
# Visual Studio 2010
Project("{FAE04EC0-301F-11D3-BF4B-00C04F79EFBC}") = "Web", "Web\Web.csproj", "{4FE98154-A47C-42AB-A522-708803268FC8}"
EndProject
Project("{FAE04EC0-301F-11D3-BF4B-00C04F79EFBC}") = "Test", "Test\Test.csproj", "{8A0C43F3-9A0F-4EA4-B2A9-85422D4548DE}"
EndProject
Global
	GlobalSection(SolutionConfigurationPlatforms) = preSolution
		Debug|Any CPU = Debug|Any CPU
		Release|Any CPU = Release|Any CPU
	EndGlobalSection
	GlobalSection(ProjectConfigurationPlatforms) = postSolution
		{4FE98154-A47C-42AB-A522-708803268FC8}.Debug|Any CPU.ActiveCfg = Debug|Any CPU
		{4FE98154-A47C-42AB-A522-708803268FC8}.Debug|Any CPU.Build.0 = Debug|Any CPU
		{4FE98154-A47C-42AB-A522-708803268FC8}.Release|Any CPU.ActiveCfg = Release|Any CPU
		{4FE98154-A47C-42AB-A522-708803268FC8}.Release|Any CPU.Build.0 = Release|Any CPU
		{8A0C43F3-9A0F-4EA4-B2A9-85422D4548DE}.Debug|Any CPU.ActiveCfg = Debug|Any CPU
		{8A0C43F3-9A0F-4EA4-B2A9-85422D4548DE}.Debug|Any CPU.Build.0 = Debug|Any CPU
		{8A0C43F3-9A0F-4EA4-B2A9-85422D4548DE}.Release|Any CPU.ActiveCfg = Release|Any CPU
		{8A0C43F3-9A0F-4EA4-B2A9-85422D4548DE}.Release|Any CPU.Build.0 = Release|Any CPU
	EndGlobalSection
	GlobalSection(SolutionProperties) = preSolution
		HideSolutionNode = FALSE
	EndGlobalSection
EndGlobal
